
Microsoft Visual Studio Solution File, Format Version 12.00
# Visual Studio Version 17
VisualStudioVersion = 17.11.35327.3
MinimumVisualStudioVersion = 10.0.40219.1
Project("{9A19103F-16F7-4668-BE54-9A1E7A4F7556}") = "Report_PhieuDieuDong", "Report_PhieuDieuDong.csproj", "{0B38CD57-50D0-4607-83E7-3847114EB910}"
EndProject
Global
	GlobalSection(SolutionConfigurationPlatforms) = preSolution
		Debug|Any CPU = Debug|Any CPU
		Release|Any CPU = Release|Any CPU
	EndGlobalSection
	GlobalSection(ProjectConfigurationPlatforms) = postSolution
		{0B38CD57-50D0-4607-83E7-3847114EB910}.Debug|Any CPU.ActiveCfg = Debug|Any CPU
		{0B38CD57-50D0-4607-83E7-3847114EB910}.Debug|Any CPU.Build.0 = Debug|Any CPU
		{0B38CD57-50D0-4607-83E7-3847114EB910}.Release|Any CPU.ActiveCfg = Release|Any CPU
		{0B38CD57-50D0-4607-83E7-3847114EB910}.Release|Any CPU.Build.0 = Release|Any CPU
	EndGlobalSection
	GlobalSection(SolutionProperties) = preSolution
		HideSolutionNode = FALSE
	EndGlobalSection
	GlobalSection(ExtensibilityGlobals) = postSolution
		SolutionGuid = {C83A158E-5BE8-45B9-B326-B2F82FE24646}
	EndGlobalSection
EndGlobal
